github.com/szammyboi/BitExport v0.0.0-20230719201002-563b567cefd5 h1:Lz93bSFWYej+stYRfOD/d5QOYeahoKojJOXremEZhqU=
github.com/szammyboi/BitExport v0.0.0-20230719201002-563b567cefd5/go.mod h1:AUtbsLt/oDqNEtvZNybZPN10gzE2dou+Czui4rVFAuQ=
github.com/szammyboi/LifxBridge v0.0.0-20230719211108-08b299a96c42 h1:nUOZZmGfHTEmWmFyCeoT/cJ0ntolFC7VfSutBcccwNs=
github.com/szammyboi/LifxBridge v0.0.0-20230719211108-08b299a96c42/go.mod h1:vvNglnkjA+WOkMowWZWIXTqGf3W3G339kDZDbotOG0Q=
